# THIS IS AN AUTOGENERATED FILE. DO NOT EDIT THIS FILE DIRECTLY.
# yarn lockfile v1


datatables.net@^1.10.16:
  version "1.10.16"
  resolved "https://registry.yarnpkg.com/datatables.net/-/datatables.net-1.10.16.tgz#4b052d1082824261b68eed9d22741b711d3d2469"
  dependencies:
    jquery ">=1.7"

emitter-component@^1.1.1:
  version "1.1.1"
  resolved "https://registry.yarnpkg.com/emitter-component/-/emitter-component-1.1.1.tgz#065e2dbed6959bf470679edabeaf7981d1003ab6"

hammerjs@^2.0.6, hammerjs@^2.0.8:
  version "2.0.8"
  resolved "https://registry.yarnpkg.com/hammerjs/-/hammerjs-2.0.8.tgz#04ef77862cff2bb79d30f7692095930222bf60f1"

jquery-ui@^1.12.1:
  version "1.12.1"
  resolved "https://registry.yarnpkg.com/jquery-ui/-/jquery-ui-1.12.1.tgz#bcb4045c8dd0539c134bc1488cdd3e768a7a9e51"

jquery.fancytree@^2.26.0:
  version "2.26.0"
  resolved "https://registry.yarnpkg.com/jquery.fancytree/-/jquery.fancytree-2.26.0.tgz#aee32d484829f06bc612099395acc1c3dc372608"
  dependencies:
    jquery ">=1.9"

jquery@>=1.7, jquery@>=1.9, "jquery@^3.0.0 || ^2.1.4":
  version "3.2.1"
  resolved "https://registry.yarnpkg.com/jquery/-/jquery-3.2.1.tgz#5c4d9de652af6cd0a770154a631bba12b015c787"

keycharm@^0.2.0:
  version "0.2.0"
  resolved "https://registry.yarnpkg.com/keycharm/-/keycharm-0.2.0.tgz#fa6ea2e43b90a68028843d27f2075d35a8c3e6f9"

materialize-css@^0.100.2:
  version "0.100.2"
  resolved "https://registry.yarnpkg.com/materialize-css/-/materialize-css-0.100.2.tgz#9ca32b24904c9a04491fc7d0a2e9402e7b1dae07"
  dependencies:
    hammerjs "^2.0.8"
    jquery "^3.0.0 || ^2.1.4"

moment@^2.18.1:
  version "2.19.3"
  resolved "https://registry.yarnpkg.com/moment/-/moment-2.19.3.tgz#bdb99d270d6d7fda78cc0fbace855e27fe7da69f"

propagating-hammerjs@^1.4.6:
  version "1.4.6"
  resolved "https://registry.yarnpkg.com/propagating-hammerjs/-/propagating-hammerjs-1.4.6.tgz#fed00e9b00767ffd42d14f5b531bc493eb672e37"
  dependencies:
    hammerjs "^2.0.6"

vis@^4.21.0:
  version "4.21.0"
  resolved "https://registry.yarnpkg.com/vis/-/vis-4.21.0.tgz#dd71638bff7f6495d00bc9f40c253526133ded6b"
  dependencies:
    emitter-component "^1.1.1"
    hammerjs "^2.0.8"
    keycharm "^0.2.0"
    moment "^2.18.1"
    propagating-hammerjs "^1.4.6"
